
Microsoft Visual Studio Solution File, Format Version 12.00
# Visual Studio Version 16
VisualStudioVersion = 16.0.30320.27
MinimumVisualStudioVersion = 10.0.40219.1
Project("{FAE04EC0-301F-11D3-BF4B-00C04F79EFBC}") = "ScheduleDesigner", "ScheduleDesigner\ScheduleDesigner.csproj", "{6667D9D6-B6C3-470A-A388-0C65052E5D63}"
EndProject
Global
	GlobalSection(SolutionConfigurationPlatforms) = preSolution
		Debug|Any CPU = Debug|Any CPU
		Release|Any CPU = Release|Any CPU
	EndGlobalSection
	GlobalSection(ProjectConfigurationPlatforms) = postSolution
		{6667D9D6-B6C3-470A-A388-0C65052E5D63}.Debug|Any CPU.ActiveCfg = Debug|Any CPU
		{6667D9D6-B6C3-470A-A388-0C65052E5D63}.Debug|Any CPU.Build.0 = Debug|Any CPU
		{6667D9D6-B6C3-470A-A388-0C65052E5D63}.Release|Any CPU.ActiveCfg = Release|Any CPU
		{6667D9D6-B6C3-470A-A388-0C65052E5D63}.Release|Any CPU.Build.0 = Release|Any CPU
	EndGlobalSection
	GlobalSection(SolutionProperties) = preSolution
		HideSolutionNode = FALSE
	EndGlobalSection
	GlobalSection(ExtensibilityGlobals) = postSolution
		SolutionGuid = {1E8E153F-CAA1-4BA1-93C9-5AA7FE95B4C3}
	EndGlobalSection
EndGlobal
